
Microsoft Visual Studio Solution File, Format Version 12.00
# Visual Studio Version 17
VisualStudioVersion = 17.2.32516.85
MinimumVisualStudioVersion = 10.0.40219.1
Project("{2150E333-8FDC-42A3-9474-1A3956D46DE8}") = "1-Presentation", "1-Presentation", "{DDA4AFE8-DFE0-4464-8BFF-E8693F8C6DDF}"
EndProject
Project("{2150E333-8FDC-42A3-9474-1A3956D46DE8}") = "2-Application", "2-Application", "{A2E58A10-61D1-4CE3-A69D-BEB6F22F8F6F}"
EndProject
Project("{2150E333-8FDC-42A3-9474-1A3956D46DE8}") = "3-Domain", "3-Domain", "{8A503C00-09CD-4E73-9C1A-244A00771F8D}"
EndProject
Project("{2150E333-8FDC-42A3-9474-1A3956D46DE8}") = "4-Infra", "4-Infra", "{61EFA1C9-17F8-4E14-8773-6C274E910875}"
EndProject
Project("{2150E333-8FDC-42A3-9474-1A3956D46DE8}") = "4.1-Data", "4.1-Data", "{479B608F-AA8F-4115-AE92-1430E4E15459}"
EndProject
Project("{2150E333-8FDC-42A3-9474-1A3956D46DE8}") = "4.1-CrossCutting", "4.1-CrossCutting", "{7050A57F-76A7-47CB-83A6-E25A28ADE912}"
EndProject
Project("{9A19103F-16F7-4668-BE54-9A1E7A4F7556}") = "ProjetoModeloDDD.Domain", "ProjetoModeloDDD.Domain\ProjetoModeloDDD.Domain.csproj", "{16089FBE-00EE-42BA-8D1C-31486B7EA9F8}"
EndProject
Project("{9A19103F-16F7-4668-BE54-9A1E7A4F7556}") = "ProjetoModeloDDD.Infra.Data", "ProjetoModeloDDD.Infra.Data\ProjetoModeloDDD.Infra.Data.csproj", "{EA629F54-9E72-4018-9448-AB2BB6E46138}"
EndProject
Project("{9A19103F-16F7-4668-BE54-9A1E7A4F7556}") = "ProjetoModeloDDD.Application", "ProjetoModeloDDD.Application\ProjetoModeloDDD.Application.csproj", "{3A3FDB4C-9433-45B4-8F01-80E5B6CD7744}"
EndProject
Project("{9A19103F-16F7-4668-BE54-9A1E7A4F7556}") = "ProjetoModeloDDD.MVC", "ProjetoModeloDDD.MVC\ProjetoModeloDDD.MVC.csproj", "{F995524C-D28F-42D2-B30B-517BD0B5CECD}"
EndProject
Project("{FAE04EC0-301F-11D3-BF4B-00C04F79EFBC}") = "ProjetoModelDDD.API", "ProjetoModelDDD.API\ProjetoModelDDD.API.csproj", "{488DEB21-AC64-402B-A04F-0316DDC28F38}"
EndProject
Global
	GlobalSection(SolutionConfigurationPlatforms) = preSolution
		Debug|Any CPU = Debug|Any CPU
		Release|Any CPU = Release|Any CPU
	EndGlobalSection
	GlobalSection(ProjectConfigurationPlatforms) = postSolution
		{16089FBE-00EE-42BA-8D1C-31486B7EA9F8}.Debug|Any CPU.ActiveCfg = Debug|Any CPU
		{16089FBE-00EE-42BA-8D1C-31486B7EA9F8}.Debug|Any CPU.Build.0 = Debug|Any CPU
		{16089FBE-00EE-42BA-8D1C-31486B7EA9F8}.Release|Any CPU.ActiveCfg = Release|Any CPU
		{16089FBE-00EE-42BA-8D1C-31486B7EA9F8}.Release|Any CPU.Build.0 = Release|Any CPU
		{EA629F54-9E72-4018-9448-AB2BB6E46138}.Debug|Any CPU.ActiveCfg = Debug|Any CPU
		{EA629F54-9E72-4018-9448-AB2BB6E46138}.Debug|Any CPU.Build.0 = Debug|Any CPU
		{EA629F54-9E72-4018-9448-AB2BB6E46138}.Release|Any CPU.ActiveCfg = Release|Any CPU
		{EA629F54-9E72-4018-9448-AB2BB6E46138}.Release|Any CPU.Build.0 = Release|Any CPU
		{3A3FDB4C-9433-45B4-8F01-80E5B6CD7744}.Debug|Any CPU.ActiveCfg = Debug|Any CPU
		{3A3FDB4C-9433-45B4-8F01-80E5B6CD7744}.Debug|Any CPU.Build.0 = Debug|Any CPU
		{3A3FDB4C-9433-45B4-8F01-80E5B6CD7744}.Release|Any CPU.ActiveCfg = Release|Any CPU
		{3A3FDB4C-9433-45B4-8F01-80E5B6CD7744}.Release|Any CPU.Build.0 = Release|Any CPU
		{F995524C-D28F-42D2-B30B-517BD0B5CECD}.Debug|Any CPU.ActiveCfg = Debug|Any CPU
		{F995524C-D28F-42D2-B30B-517BD0B5CECD}.Debug|Any CPU.Build.0 = Debug|Any CPU
		{F995524C-D28F-42D2-B30B-517BD0B5CECD}.Release|Any CPU.ActiveCfg = Release|Any CPU
		{F995524C-D28F-42D2-B30B-517BD0B5CECD}.Release|Any CPU.Build.0 = Release|Any CPU
		{488DEB21-AC64-402B-A04F-0316DDC28F38}.Debug|Any CPU.ActiveCfg = Debug|Any CPU
		{488DEB21-AC64-402B-A04F-0316DDC28F38}.Debug|Any CPU.Build.0 = Debug|Any CPU
		{488DEB21-AC64-402B-A04F-0316DDC28F38}.Release|Any CPU.ActiveCfg = Release|Any CPU
		{488DEB21-AC64-402B-A04F-0316DDC28F38}.Release|Any CPU.Build.0 = Release|Any CPU
	EndGlobalSection
	GlobalSection(SolutionProperties) = preSolution
		HideSolutionNode = FALSE
	EndGlobalSection
	GlobalSection(NestedProjects) = preSolution
		{479B608F-AA8F-4115-AE92-1430E4E15459} = {61EFA1C9-17F8-4E14-8773-6C274E910875}
		{7050A57F-76A7-47CB-83A6-E25A28ADE912} = {61EFA1C9-17F8-4E14-8773-6C274E910875}
		{16089FBE-00EE-42BA-8D1C-31486B7EA9F8} = {8A503C00-09CD-4E73-9C1A-244A00771F8D}
		{EA629F54-9E72-4018-9448-AB2BB6E46138} = {479B608F-AA8F-4115-AE92-1430E4E15459}
		{3A3FDB4C-9433-45B4-8F01-80E5B6CD7744} = {A2E58A10-61D1-4CE3-A69D-BEB6F22F8F6F}
		{F995524C-D28F-42D2-B30B-517BD0B5CECD} = {DDA4AFE8-DFE0-4464-8BFF-E8693F8C6DDF}
		{488DEB21-AC64-402B-A04F-0316DDC28F38} = {DDA4AFE8-DFE0-4464-8BFF-E8693F8C6DDF}
	EndGlobalSection
	GlobalSection(ExtensibilityGlobals) = postSolution
		SolutionGuid = {121042F8-EFDA-4E7C-98D1-BB24B70CFC6B}
	EndGlobalSection
EndGlobal
